# THIS IS AN AUTOGENERATED FILE. DO NOT EDIT THIS FILE DIRECTLY.
# yarn lockfile v1


"@butr/vortexextensionnative@^2.0.197":
  version "2.0.197"
  resolved "https://registry.npmjs.org/@butr/vortexextensionnative/-/vortexextensionnative-2.0.197.tgz"
  integrity sha512-d94AjdZfBUGtrsMlQUYQdm/Q/2WySJrklVoqJ76l/c4HicZwqoiAo2/ZXXROoaUNCBwTVE26OyqA5JSubm+n5A==
